
Microsoft Visual Studio Solution File, Format Version 12.00
# Visual Studio Version 17
VisualStudioVersion = 17.6.33829.357
MinimumVisualStudioVersion = 10.0.40219.1
Project("{FAE04EC0-301F-11D3-BF4B-00C04F79EFBC}") = "Lesson_18.09.2023", "Lesson_18.09.2023\Lesson_18.09.2023.csproj", "{1B4FDDEB-7174-45A3-8486-F462069FB56C}"
EndProject
Project("{FAE04EC0-301F-11D3-BF4B-00C04F79EFBC}") = "Lesson25_09", "Lesson25_09\Lesson25_09.csproj", "{A3C72524-7A16-4038-8431-CEC4501E818F}"
EndProject
Project("{FAE04EC0-301F-11D3-BF4B-00C04F79EFBC}") = "Practice25_09", "Practice25_09\Practice25_09.csproj", "{3F41DA85-F462-4E97-A118-AEB41159A71D}"
EndProject
Project("{FAE04EC0-301F-11D3-BF4B-00C04F79EFBC}") = "Practice_27.09.2023", "Practice_27.09.2023\Practice_27.09.2023.csproj", "{1A41DEC8-6A9E-4E29-969F-A71B276E432B}"
EndProject
Project("{FAE04EC0-301F-11D3-BF4B-00C04F79EFBC}") = "Lesson_28.09.2023", "Lesson_28.09.2023\Lesson_28.09.2023.csproj", "{1E921F09-A820-45BA-8672-672A2E5A6E11}"
EndProject
Project("{FAE04EC0-301F-11D3-BF4B-00C04F79EFBC}") = "Lesson_04.10.2023", "Lesson_04.10.2023\Lesson_04.10.2023.csproj", "{58DB6C45-B7A5-426E-B8CB-37A4D8BEFCD5}"
EndProject
Project("{FAE04EC0-301F-11D3-BF4B-00C04F79EFBC}") = "Lesson_11_10", "Lesson11_10\Lesson_11_10.csproj", "{F8438F72-C392-4948-8F6B-3AC18411F371}"
EndProject
Project("{FAE04EC0-301F-11D3-BF4B-00C04F79EFBC}") = "Practice_11_10", "Practice_11_10\Practice_11_10.csproj", "{7C76256B-A8B0-4079-9242-2EE86984EB2A}"
EndProject
Project("{FAE04EC0-301F-11D3-BF4B-00C04F79EFBC}") = "Lesson_12_10", "Lesson_12_10\Lesson_12_10.csproj", "{56CC2D07-CD30-483B-8CA0-554801A57DB0}"
EndProject
Project("{FAE04EC0-301F-11D3-BF4B-00C04F79EFBC}") = "Lesson16_10", "Lesson16_10\Lesson16_10.csproj", "{4B3E3FC1-7E75-4858-9235-42C41921B1D9}"
EndProject
Project("{FAE04EC0-301F-11D3-BF4B-00C04F79EFBC}") = "Practice_16_10", "Practice_16_10\Practice_16_10.csproj", "{3F874670-6060-491C-938C-656F32A8B02E}"
EndProject
Global
	GlobalSection(SolutionConfigurationPlatforms) = preSolution
		Debug|Any CPU = Debug|Any CPU
		Release|Any CPU = Release|Any CPU
	EndGlobalSection
	GlobalSection(ProjectConfigurationPlatforms) = postSolution
		{1B4FDDEB-7174-45A3-8486-F462069FB56C}.Debug|Any CPU.ActiveCfg = Debug|Any CPU
		{1B4FDDEB-7174-45A3-8486-F462069FB56C}.Debug|Any CPU.Build.0 = Debug|Any CPU
		{1B4FDDEB-7174-45A3-8486-F462069FB56C}.Release|Any CPU.ActiveCfg = Release|Any CPU
		{1B4FDDEB-7174-45A3-8486-F462069FB56C}.Release|Any CPU.Build.0 = Release|Any CPU
		{A3C72524-7A16-4038-8431-CEC4501E818F}.Debug|Any CPU.ActiveCfg = Debug|Any CPU
		{A3C72524-7A16-4038-8431-CEC4501E818F}.Debug|Any CPU.Build.0 = Debug|Any CPU
		{A3C72524-7A16-4038-8431-CEC4501E818F}.Release|Any CPU.ActiveCfg = Release|Any CPU
		{A3C72524-7A16-4038-8431-CEC4501E818F}.Release|Any CPU.Build.0 = Release|Any CPU
		{3F41DA85-F462-4E97-A118-AEB41159A71D}.Debug|Any CPU.ActiveCfg = Debug|Any CPU
		{3F41DA85-F462-4E97-A118-AEB41159A71D}.Debug|Any CPU.Build.0 = Debug|Any CPU
		{3F41DA85-F462-4E97-A118-AEB41159A71D}.Release|Any CPU.ActiveCfg = Release|Any CPU
		{3F41DA85-F462-4E97-A118-AEB41159A71D}.Release|Any CPU.Build.0 = Release|Any CPU
		{1A41DEC8-6A9E-4E29-969F-A71B276E432B}.Debug|Any CPU.ActiveCfg = Debug|Any CPU
		{1A41DEC8-6A9E-4E29-969F-A71B276E432B}.Debug|Any CPU.Build.0 = Debug|Any CPU
		{1A41DEC8-6A9E-4E29-969F-A71B276E432B}.Release|Any CPU.ActiveCfg = Release|Any CPU
		{1A41DEC8-6A9E-4E29-969F-A71B276E432B}.Release|Any CPU.Build.0 = Release|Any CPU
		{1E921F09-A820-45BA-8672-672A2E5A6E11}.Debug|Any CPU.ActiveCfg = Debug|Any CPU
		{1E921F09-A820-45BA-8672-672A2E5A6E11}.Debug|Any CPU.Build.0 = Debug|Any CPU
		{1E921F09-A820-45BA-8672-672A2E5A6E11}.Release|Any CPU.ActiveCfg = Release|Any CPU
		{1E921F09-A820-45BA-8672-672A2E5A6E11}.Release|Any CPU.Build.0 = Release|Any CPU
		{58DB6C45-B7A5-426E-B8CB-37A4D8BEFCD5}.Debug|Any CPU.ActiveCfg = Debug|Any CPU
		{58DB6C45-B7A5-426E-B8CB-37A4D8BEFCD5}.Debug|Any CPU.Build.0 = Debug|Any CPU
		{58DB6C45-B7A5-426E-B8CB-37A4D8BEFCD5}.Release|Any CPU.ActiveCfg = Release|Any CPU
		{58DB6C45-B7A5-426E-B8CB-37A4D8BEFCD5}.Release|Any CPU.Build.0 = Release|Any CPU
		{F8438F72-C392-4948-8F6B-3AC18411F371}.Debug|Any CPU.ActiveCfg = Debug|Any CPU
		{F8438F72-C392-4948-8F6B-3AC18411F371}.Debug|Any CPU.Build.0 = Debug|Any CPU
		{F8438F72-C392-4948-8F6B-3AC18411F371}.Release|Any CPU.ActiveCfg = Release|Any CPU
		{F8438F72-C392-4948-8F6B-3AC18411F371}.Release|Any CPU.Build.0 = Release|Any CPU
		{7C76256B-A8B0-4079-9242-2EE86984EB2A}.Debug|Any CPU.ActiveCfg = Debug|Any CPU
		{7C76256B-A8B0-4079-9242-2EE86984EB2A}.Debug|Any CPU.Build.0 = Debug|Any CPU
		{7C76256B-A8B0-4079-9242-2EE86984EB2A}.Release|Any CPU.ActiveCfg = Release|Any CPU
		{7C76256B-A8B0-4079-9242-2EE86984EB2A}.Release|Any CPU.Build.0 = Release|Any CPU
		{56CC2D07-CD30-483B-8CA0-554801A57DB0}.Debug|Any CPU.ActiveCfg = Debug|Any CPU
		{56CC2D07-CD30-483B-8CA0-554801A57DB0}.Debug|Any CPU.Build.0 = Debug|Any CPU
		{56CC2D07-CD30-483B-8CA0-554801A57DB0}.Release|Any CPU.ActiveCfg = Release|Any CPU
		{56CC2D07-CD30-483B-8CA0-554801A57DB0}.Release|Any CPU.Build.0 = Release|Any CPU
		{4B3E3FC1-7E75-4858-9235-42C41921B1D9}.Debug|Any CPU.ActiveCfg = Debug|Any CPU
		{4B3E3FC1-7E75-4858-9235-42C41921B1D9}.Debug|Any CPU.Build.0 = Debug|Any CPU
		{4B3E3FC1-7E75-4858-9235-42C41921B1D9}.Release|Any CPU.ActiveCfg = Release|Any CPU
		{4B3E3FC1-7E75-4858-9235-42C41921B1D9}.Release|Any CPU.Build.0 = Release|Any CPU
		{3F874670-6060-491C-938C-656F32A8B02E}.Debug|Any CPU.ActiveCfg = Debug|Any CPU
		{3F874670-6060-491C-938C-656F32A8B02E}.Debug|Any CPU.Build.0 = Debug|Any CPU
		{3F874670-6060-491C-938C-656F32A8B02E}.Release|Any CPU.ActiveCfg = Release|Any CPU
		{3F874670-6060-491C-938C-656F32A8B02E}.Release|Any CPU.Build.0 = Release|Any CPU
	EndGlobalSection
	GlobalSection(SolutionProperties) = preSolution
		HideSolutionNode = FALSE
	EndGlobalSection
	GlobalSection(ExtensibilityGlobals) = postSolution
		SolutionGuid = {3C8B658E-D549-40A5-AA4E-5350254360B5}
	EndGlobalSection
EndGlobal
